
Microsoft Visual Studio Solution File, Format Version 12.00
# Visual Studio 15
VisualStudioVersion = 15.0.26124.0
MinimumVisualStudioVersion = 15.0.26124.0
Project("{9A19103F-16F7-4668-BE54-9A1E7A4F7556}") = "BookStore.API", "BookStore.API\BookStore.API.csproj", "{BFE8249E-4344-46E2-8D67-31E278191974}"
EndProject
Project("{FAE04EC0-301F-11D3-BF4B-00C04F79EFBC}") = "BookStore.Domain", "BookStore.Domain\BookStore.Domain.csproj", "{60B39E74-FE63-422B-ABE0-44A3C4CCD42E}"
EndProject
Project("{FAE04EC0-301F-11D3-BF4B-00C04F79EFBC}") = "BookStore.Infrascructure", "BookStore.Infrascructure\BookStore.Infrascructure.csproj", "{A4F87A75-AD28-4C01-B312-E8E32645AF1F}"
EndProject
Global
	GlobalSection(SolutionConfigurationPlatforms) = preSolution
		Debug|Any CPU = Debug|Any CPU
		Debug|x64 = Debug|x64
		Debug|x86 = Debug|x86
		Release|Any CPU = Release|Any CPU
		Release|x64 = Release|x64
		Release|x86 = Release|x86
	EndGlobalSection
	GlobalSection(ProjectConfigurationPlatforms) = postSolution
		{BFE8249E-4344-46E2-8D67-31E278191974}.Debug|Any CPU.ActiveCfg = Debug|Any CPU
		{BFE8249E-4344-46E2-8D67-31E278191974}.Debug|Any CPU.Build.0 = Debug|Any CPU
		{BFE8249E-4344-46E2-8D67-31E278191974}.Debug|x64.ActiveCfg = Debug|Any CPU
		{BFE8249E-4344-46E2-8D67-31E278191974}.Debug|x64.Build.0 = Debug|Any CPU
		{BFE8249E-4344-46E2-8D67-31E278191974}.Debug|x86.ActiveCfg = Debug|Any CPU
		{BFE8249E-4344-46E2-8D67-31E278191974}.Debug|x86.Build.0 = Debug|Any CPU
		{BFE8249E-4344-46E2-8D67-31E278191974}.Release|Any CPU.ActiveCfg = Release|Any CPU
		{BFE8249E-4344-46E2-8D67-31E278191974}.Release|Any CPU.Build.0 = Release|Any CPU
		{BFE8249E-4344-46E2-8D67-31E278191974}.Release|x64.ActiveCfg = Release|Any CPU
		{BFE8249E-4344-46E2-8D67-31E278191974}.Release|x64.Build.0 = Release|Any CPU
		{BFE8249E-4344-46E2-8D67-31E278191974}.Release|x86.ActiveCfg = Release|Any CPU
		{BFE8249E-4344-46E2-8D67-31E278191974}.Release|x86.Build.0 = Release|Any CPU
		{60B39E74-FE63-422B-ABE0-44A3C4CCD42E}.Debug|Any CPU.ActiveCfg = Debug|Any CPU
		{60B39E74-FE63-422B-ABE0-44A3C4CCD42E}.Debug|Any CPU.Build.0 = Debug|Any CPU
		{60B39E74-FE63-422B-ABE0-44A3C4CCD42E}.Debug|x64.ActiveCfg = Debug|Any CPU
		{60B39E74-FE63-422B-ABE0-44A3C4CCD42E}.Debug|x64.Build.0 = Debug|Any CPU
		{60B39E74-FE63-422B-ABE0-44A3C4CCD42E}.Debug|x86.ActiveCfg = Debug|Any CPU
		{60B39E74-FE63-422B-ABE0-44A3C4CCD42E}.Debug|x86.Build.0 = Debug|Any CPU
		{60B39E74-FE63-422B-ABE0-44A3C4CCD42E}.Release|Any CPU.ActiveCfg = Release|Any CPU
		{60B39E74-FE63-422B-ABE0-44A3C4CCD42E}.Release|Any CPU.Build.0 = Release|Any CPU
		{60B39E74-FE63-422B-ABE0-44A3C4CCD42E}.Release|x64.ActiveCfg = Release|Any CPU
		{60B39E74-FE63-422B-ABE0-44A3C4CCD42E}.Release|x64.Build.0 = Release|Any CPU
		{60B39E74-FE63-422B-ABE0-44A3C4CCD42E}.Release|x86.ActiveCfg = Release|Any CPU
		{60B39E74-FE63-422B-ABE0-44A3C4CCD42E}.Release|x86.Build.0 = Release|Any CPU
		{A4F87A75-AD28-4C01-B312-E8E32645AF1F}.Debug|Any CPU.ActiveCfg = Debug|Any CPU
		{A4F87A75-AD28-4C01-B312-E8E32645AF1F}.Debug|Any CPU.Build.0 = Debug|Any CPU
		{A4F87A75-AD28-4C01-B312-E8E32645AF1F}.Debug|x64.ActiveCfg = Debug|Any CPU
		{A4F87A75-AD28-4C01-B312-E8E32645AF1F}.Debug|x64.Build.0 = Debug|Any CPU
		{A4F87A75-AD28-4C01-B312-E8E32645AF1F}.Debug|x86.ActiveCfg = Debug|Any CPU
		{A4F87A75-AD28-4C01-B312-E8E32645AF1F}.Debug|x86.Build.0 = Debug|Any CPU
		{A4F87A75-AD28-4C01-B312-E8E32645AF1F}.Release|Any CPU.ActiveCfg = Release|Any CPU
		{A4F87A75-AD28-4C01-B312-E8E32645AF1F}.Release|Any CPU.Build.0 = Release|Any CPU
		{A4F87A75-AD28-4C01-B312-E8E32645AF1F}.Release|x64.ActiveCfg = Release|Any CPU
		{A4F87A75-AD28-4C01-B312-E8E32645AF1F}.Release|x64.Build.0 = Release|Any CPU
		{A4F87A75-AD28-4C01-B312-E8E32645AF1F}.Release|x86.ActiveCfg = Release|Any CPU
		{A4F87A75-AD28-4C01-B312-E8E32645AF1F}.Release|x86.Build.0 = Release|Any CPU
	EndGlobalSection
	GlobalSection(SolutionProperties) = preSolution
		HideSolutionNode = FALSE
	EndGlobalSection
	GlobalSection(ExtensibilityGlobals) = postSolution
		SolutionGuid = {3BBBF505-AB7E-4A25-B766-6AB879FDAF80}
	EndGlobalSection
EndGlobal
